
Microsoft Visual Studio Solution File, Format Version 10.00
# Visual Studio 2008
Project("{8BC9CEB8-8B4A-11D0-8D11-00A0C91BC942}") = "SingletonPattern", "SingletonPattern\SingletonPattern.vcproj", "{18C7F7F3-EDDA-4F03-9CF7-B159A6BC85C7}"
EndProject
Project("{8BC9CEB8-8B4A-11D0-8D11-00A0C91BC942}") = "FactoryPattern", "FactoryPattern\FactoryPattern.vcproj", "{8AC604B4-632F-40A7-A45E-B3EE4B815449}"
EndProject
Global
	GlobalSection(SolutionConfigurationPlatforms) = preSolution
		Debug|Win32 = Debug|Win32
		Release|Win32 = Release|Win32
	EndGlobalSection
	GlobalSection(ProjectConfigurationPlatforms) = postSolution
		{18C7F7F3-EDDA-4F03-9CF7-B159A6BC85C7}.Debug|Win32.ActiveCfg = Debug|Win32
		{18C7F7F3-EDDA-4F03-9CF7-B159A6BC85C7}.Debug|Win32.Build.0 = Debug|Win32
		{18C7F7F3-EDDA-4F03-9CF7-B159A6BC85C7}.Release|Win32.ActiveCfg = Release|Win32
		{18C7F7F3-EDDA-4F03-9CF7-B159A6BC85C7}.Release|Win32.Build.0 = Release|Win32
		{8AC604B4-632F-40A7-A45E-B3EE4B815449}.Debug|Win32.ActiveCfg = Debug|Win32
		{8AC604B4-632F-40A7-A45E-B3EE4B815449}.Debug|Win32.Build.0 = Debug|Win32
		{8AC604B4-632F-40A7-A45E-B3EE4B815449}.Release|Win32.ActiveCfg = Release|Win32
		{8AC604B4-632F-40A7-A45E-B3EE4B815449}.Release|Win32.Build.0 = Release|Win32
	EndGlobalSection
	GlobalSection(SolutionProperties) = preSolution
		HideSolutionNode = FALSE
	EndGlobalSection
EndGlobal
